
Microsoft Visual Studio Solution File, Format Version 12.00
# Visual Studio Version 16
VisualStudioVersion = 16.0.30523.141
MinimumVisualStudioVersion = 10.0.40219.1
Project("{8BC9CEB8-8B4A-11D0-8D11-00A0C91BC942}") = "Isolated9", "Isolated9\Isolated9.vcxproj", "{4BFDCB1D-4AC3-4F8B-A21E-1FE750E8F301}"
EndProject
Global
	GlobalSection(SolutionConfigurationPlatforms) = preSolution
		Debug|x64 = Debug|x64
		Debug|x86 = Debug|x86
		Release|x64 = Release|x64
		Release|x86 = Release|x86
	EndGlobalSection
	GlobalSection(ProjectConfigurationPlatforms) = postSolution
		{4BFDCB1D-4AC3-4F8B-A21E-1FE750E8F301}.Debug|x64.ActiveCfg = Debug|x64
		{4BFDCB1D-4AC3-4F8B-A21E-1FE750E8F301}.Debug|x64.Build.0 = Debug|x64
		{4BFDCB1D-4AC3-4F8B-A21E-1FE750E8F301}.Debug|x86.ActiveCfg = Debug|Win32
		{4BFDCB1D-4AC3-4F8B-A21E-1FE750E8F301}.Debug|x86.Build.0 = Debug|Win32
		{4BFDCB1D-4AC3-4F8B-A21E-1FE750E8F301}.Release|x64.ActiveCfg = Release|x64
		{4BFDCB1D-4AC3-4F8B-A21E-1FE750E8F301}.Release|x64.Build.0 = Release|x64
		{4BFDCB1D-4AC3-4F8B-A21E-1FE750E8F301}.Release|x86.ActiveCfg = Release|Win32
		{4BFDCB1D-4AC3-4F8B-A21E-1FE750E8F301}.Release|x86.Build.0 = Release|Win32
	EndGlobalSection
	GlobalSection(SolutionProperties) = preSolution
		HideSolutionNode = FALSE
	EndGlobalSection
	GlobalSection(ExtensibilityGlobals) = postSolution
		SolutionGuid = {8890D242-3877-4198-8332-D4C107980C88}
	EndGlobalSection
EndGlobal
